# THIS IS AN AUTOGENERATED FILE. DO NOT EDIT THIS FILE DIRECTLY.
# yarn lockfile v1


"@polka/url@^1.0.0-next.9":
  version "1.0.0-next.11"
  resolved "https://registry.yarnpkg.com/@polka/url/-/url-1.0.0-next.11.tgz#aeb16f50649a91af79dbe36574b66d0f9e4d9f71"
  integrity sha512-3NsZsJIA/22P3QUyrEDNA2D133H4j224twJrdipXN38dpnIOzAbUDtOwkcJ5pXmn75w7LSQDjA4tO9dm1XlqlA==

"@tinyhttp/accepts@1.2.0":
  version "1.2.0"
  resolved "https://registry.yarnpkg.com/@tinyhttp/accepts/-/accepts-1.2.0.tgz#09a9a275b180be7a4d0353c550b112ad21e81287"
  integrity sha512-8cFnjrZgpcba1mw/yHJmmcYCDSujMTiRv5hhoPuMbylkHZRHeO/WX/1grDxig2Ukigr92kIPtvEas25c1ZJfFQ==
  dependencies:
    es-mime-types "^0.0.16"
    negotiator "^0.6.2"

"@tinyhttp/app@^1.2.17":
  version "1.2.17"
  resolved "https://registry.yarnpkg.com/@tinyhttp/app/-/app-1.2.17.tgz#eb2e3cb0e57c0bb637c16b036b23fafd924bf83e"
  integrity sha512-7bruUiV5tv8hhN01aBfiEdHkqxuM1X2FCK1M0HwD676rgP6cWXa6DyRNhoEaFnHkcLIcMB/wG05IaU1EjsCcIw==
  dependencies:
    "@tinyhttp/cookie" "1.2.0"
    "@tinyhttp/proxy-addr" "1.2.0"
    "@tinyhttp/req" "1.2.2"
    "@tinyhttp/res" "1.2.9"
    "@tinyhttp/router" "1.2.4"
    regexparam "^1.3.0"

"@tinyhttp/content-disposition@1.2.2":
  version "1.2.2"
  resolved "https://registry.yarnpkg.com/@tinyhttp/content-disposition/-/content-disposition-1.2.2.tgz#e5f9134469bd3499bd74b242f8875619c67c194f"
  integrity sha512-spE+Tu1n4FSOFKePX1xs1dhTDMO6x4jL005jRPQUjCIqeMzMhWdC68GAT7ts+NTFeTDr/3BVqk1BWL5x3G60xg==

"@tinyhttp/cookie-signature@1.2.0":
  version "1.2.0"
  resolved "https://registry.yarnpkg.com/@tinyhttp/cookie-signature/-/cookie-signature-1.2.0.tgz#4a6c6ac65e0cc68436e0f153eab94550c95a068e"
  integrity sha512-uQ9G8byWqZXmRXD30RaCMSMs8P6B02vSMSuJb8Lob+g7WkTfX85xuZT9xUiFpGeS1L7b8R940ZjwHh+yyBZhmg==

"@tinyhttp/cookie@1.2.0", "@tinyhttp/cookie@^1.2.0":
  version "1.2.0"
  resolved "https://registry.yarnpkg.com/@tinyhttp/cookie/-/cookie-1.2.0.tgz#399fb4c2a1f32228e0f8f32f1bd43d0f0362c78c"
  integrity sha512-thpHA43AMm0khcIxNmLCsJwxM42FBcoZB9cVvrb09STSIvgpdESHD5EFnjEABILSdh4w53jHQSYfRjouy020vQ==

"@tinyhttp/encode-url@0.2.0":
  version "0.2.0"
  resolved "https://registry.yarnpkg.com/@tinyhttp/encode-url/-/encode-url-0.2.0.tgz#070f84d8b76f6faa765203ddca457da3fda0a912"
  integrity sha512-KS2tcIUPFs0W4GMet4VJg9Jg3a/CSffmtOuQPeEonnarLQXC578oMxz3aN873VfiwvvkpRwM9WyTUrxvtDXrlw==

"@tinyhttp/etag@1.2.0":
  version "1.2.0"
  resolved "https://registry.yarnpkg.com/@tinyhttp/etag/-/etag-1.2.0.tgz#1867a79ef931de09a4879cfca29900b35571753e"
  integrity sha512-wmF4B3yII/GzH/u9wnRLJ4h8sGTlBLIORyUMdvNLhzBQY+pObqu6Px5KcFXZRJvfmRDexGzO/Q63AcAc3z14tA==

"@tinyhttp/forwarded@^1.2.0":
  version "1.2.0"
  resolved "https://registry.yarnpkg.com/@tinyhttp/forwarded/-/forwarded-1.2.0.tgz#2293fa4b80b4b2e442772b1c3b838b6d82ef11b6"
  integrity sha512-j8hh8gCwifv//gueNSDZoimNeinGgtiLYpVVRFYQkXEHul8OULFAI/FLu2HNNvuZtShH2AnawrSc7f6BaK6wbA==

"@tinyhttp/logger@^1.2.1":
  version "1.2.1"
  resolved "https://registry.yarnpkg.com/@tinyhttp/logger/-/logger-1.2.1.tgz#3b5a101bc5ee60cc73e7382d0f78ad11bcec9324"
  integrity sha512-h3Le6MoS5vs6suCdCiH09V3DxjYel5noN4nfV7jaVnTLgRn2x2wIMJ9KmKc0o1/7XI/a3vj5MmmpI1198gyWoQ==
  dependencies:
    colorette "^1.2.1"
    dayjs "^1.10.4"
    http-status-emojis "^2.2.0"

"@tinyhttp/proxy-addr@1.2.0":
  version "1.2.0"
  resolved "https://registry.yarnpkg.com/@tinyhttp/proxy-addr/-/proxy-addr-1.2.0.tgz#881318b7de2c631f53c115204854f373966bd655"
  integrity sha512-8vHT3W0dyF+WnyoPkxnhLCsyzeOm6L1twXtSgMqARxm5kWbS3T+qARVeBpumKX2GFyeqSwef7OqYbM86l9YfKw==
  dependencies:
    "@tinyhttp/forwarded" "^1.2.0"
    ipaddr.js "^2.0.0"

"@tinyhttp/req@1.2.2":
  version "1.2.2"
  resolved "https://registry.yarnpkg.com/@tinyhttp/req/-/req-1.2.2.tgz#3d11aa23ac63c6ce69df05c0a839a596288dfef3"
  integrity sha512-1V8CXw4v1nGU3BB6PX/P5IX/TUdlVmwnEjE1XycC1P6R8QmftxtuGAbVFK0eqdJuweIslaL/Nz/wkl3w3IofjA==
  dependencies:
    "@tinyhttp/accepts" "1.2.0"
    "@tinyhttp/type-is" "1.2.0"
    "@tinyhttp/url" "1.2.1"
    es-fresh "^0.0.8"
    range-parser "^1.2.1"

"@tinyhttp/res@1.2.9":
  version "1.2.9"
  resolved "https://registry.yarnpkg.com/@tinyhttp/res/-/res-1.2.9.tgz#9028dc14302d245b65b1a6d8ef10bbb945178160"
  integrity sha512-CuC1N9RWeNg9W19uimVaGDawkI9FqnErJHIBgh2/aA9sxFYSF3KRLbfGxzGlqY5hBHbG+7hkBGGqIwwLx4XdNw==
  dependencies:
    "@tinyhttp/content-disposition" "1.2.2"
    "@tinyhttp/cookie" "1.2.0"
    "@tinyhttp/cookie-signature" "1.2.0"
    "@tinyhttp/encode-url" "0.2.0"
    "@tinyhttp/req" "1.2.2"
    "@tinyhttp/send" "1.2.3"
    es-mime-types "^0.0.16"
    es-vary "^0.0.8"
    escape-html "^1.0.3"

"@tinyhttp/router@1.2.4":
  version "1.2.4"
  resolved "https://registry.yarnpkg.com/@tinyhttp/router/-/router-1.2.4.tgz#d379b70d111580d9f86f24bffb0eb2fd2d5fa13a"
  integrity sha512-5lNhnW0hrlceCy+x+5bkn5mJuqjtogTZL72u8rawIc3w8+pLXxK4U661fx4c7bQdEhtabeYWRhpO3wWj3Vttuw==

"@tinyhttp/send@1.2.3":
  version "1.2.3"
  resolved "https://registry.yarnpkg.com/@tinyhttp/send/-/send-1.2.3.tgz#14ac8d008fc43ec4422e89924b5d9ab7510133ee"
  integrity sha512-HPEJKv94Pir0Th2rP5JEmw6ApKHcIpeIlnfB6HrreEGD7l9WeED5NDs3AP50CVqImW1V4rWwGbRVdVESlv7yTg==
  dependencies:
    "@tinyhttp/etag" "1.2.0"
    es-content-type "^0.0.10"
    es-mime-types "^0.0.16"

"@tinyhttp/type-is@1.2.0":
  version "1.2.0"
  resolved "https://registry.yarnpkg.com/@tinyhttp/type-is/-/type-is-1.2.0.tgz#4a5c1c5be8d86dda6ba9410de18b550511c0b9f5"
  integrity sha512-VZrTXKnfxRJjcpUuzXQhm46eJDv6qJh2UWRuZH7nVeRpo1TCdDU2hxhIyXRivMUkwhxJv4xtEGxKiNw9t0e8Ug==
  dependencies:
    es-content-type "^0.0.10"
    es-mime-types "^0.0.16"

"@tinyhttp/url@1.2.1":
  version "1.2.1"
  resolved "https://registry.yarnpkg.com/@tinyhttp/url/-/url-1.2.1.tgz#018c7b0a455d1303a3098cbbe3c98046bf1e53d0"
  integrity sha512-EYdWhuwj67NPdIoBaqih5sDbc2M6ZzVjVI6fpSDh3mq5Dxke0OxQYso76Fa5RqPd1W6AnJ8fm9A2lYJeIsKZ9g==

body-parser@^1.19.0:
  version "1.19.0"
  resolved "https://registry.yarnpkg.com/body-parser/-/body-parser-1.19.0.tgz#96b2709e57c9c4e09a6fd66a8fd979844f69f08a"
  integrity sha512-dhEPs72UPbDnAQJ9ZKMNTP6ptJaionhP5cBb541nXPlW60Jepo9RV/a4fX4XWW9CuFNK22krhrj1+rgzifNCsw==
  dependencies:
    bytes "3.1.0"
    content-type "~1.0.4"
    debug "2.6.9"
    depd "~1.1.2"
    http-errors "1.7.2"
    iconv-lite "0.4.24"
    on-finished "~2.3.0"
    qs "6.7.0"
    raw-body "2.4.0"
    type-is "~1.6.17"

bytes@3.1.0:
  version "3.1.0"
  resolved "https://registry.yarnpkg.com/bytes/-/bytes-3.1.0.tgz#f6cf7933a360e0588fa9fde85651cdc7f805d1f6"
  integrity sha512-zauLjrfCG+xvoyaqLoV8bLVXXNGC4JqlxFCutSDWA6fJrTo2ZuvLYTqZ7aHBLZSMOopbzwv8f+wZcVzfVTI2Dg==

colorette@^1.2.1:
  version "1.2.2"
  resolved "https://registry.yarnpkg.com/colorette/-/colorette-1.2.2.tgz#cbcc79d5e99caea2dbf10eb3a26fd8b3e6acfa94"
  integrity sha512-MKGMzyfeuutC/ZJ1cba9NqcNpfeqMUcYmyF1ZFY6/Cn7CNSAKx6a+s48sqLqyAiZuaP2TcqMhoo+dlwFnVxT9w==

content-type@~1.0.4:
  version "1.0.4"
  resolved "https://registry.yarnpkg.com/content-type/-/content-type-1.0.4.tgz#e138cc75e040c727b1966fe5e5f8c9aee256fe3b"
  integrity sha512-hIP3EEPs8tB9AT1L+NUqtwOAps4mk2Zob89MWXMHjHWg9milF/j4osnnQLXBCBFBk/tvIG/tUc9mOUJiPBhPXA==

dayjs@^1.10.4:
  version "1.10.4"
  resolved "https://registry.yarnpkg.com/dayjs/-/dayjs-1.10.4.tgz#8e544a9b8683f61783f570980a8a80eaf54ab1e2"
  integrity sha512-RI/Hh4kqRc1UKLOAf/T5zdMMX5DQIlDxwUe3wSyMMnEbGunnpENCdbUgM+dW7kXidZqCttBrmw7BhN4TMddkCw==

debug@2.6.9:
  version "2.6.9"
  resolved "https://registry.yarnpkg.com/debug/-/debug-2.6.9.tgz#5d128515df134ff327e90a4c93f4e077a536341f"
  integrity sha512-bC7ElrdJaJnPbAP+1EotYvqZsb3ecl5wi6Bfi6BJTUcNowp6cvspg0jXznRTKDjm/E7AdgFBVeAPVMNcKGsHMA==
  dependencies:
    ms "2.0.0"

depd@~1.1.2:
  version "1.1.2"
  resolved "https://registry.yarnpkg.com/depd/-/depd-1.1.2.tgz#9bcd52e14c097763e749b274c4346ed2e560b5a9"
  integrity sha1-m81S4UwJd2PnSbJ0xDRu0uVgtak=

ee-first@1.1.1:
  version "1.1.1"
  resolved "https://registry.yarnpkg.com/ee-first/-/ee-first-1.1.1.tgz#590c61156b0ae2f4f0255732a158b266bc56b21d"
  integrity sha1-WQxhFWsK4vTwJVcyoViyZrxWsh0=

es-content-type@^0.0.10:
  version "0.0.10"
  resolved "https://registry.yarnpkg.com/es-content-type/-/es-content-type-0.0.10.tgz#98ffeacf8399eaa080c521fe751144a8cc0f3222"
  integrity sha512-yCgcv1M2IuFUoGZ3zE4OR2INGmZOwEuyaE5WX4MOKGpJcO8JXgVOIcXVicwnTqlxvx6qs9IJGl/Rr1+YtCkRgg==

es-fresh@^0.0.8:
  version "0.0.8"
  resolved "https://registry.yarnpkg.com/es-fresh/-/es-fresh-0.0.8.tgz#d4ac7157161362abb8c7fb53b0477bd55308fd5d"
  integrity sha512-ZM+K/T/zHJVuOhaz19iymidACazB1fl2uihBtSfRie8YzN1YM+KldVmNaU+GSmVvTOPSO2utKOhxcOinr5tKjw==

es-mime-types@^0.0.16:
  version "0.0.16"
  resolved "https://registry.yarnpkg.com/es-mime-types/-/es-mime-types-0.0.16.tgz#2626ea0d99b3862addd5b25023b6ed6b2195cfc8"
  integrity sha512-84QoSLeA7cdTeHpALFNl3ZOstXfvLt426/kaOgmSxmNUOhi4GesKVkhJgIfnsqGNziYezVA8rvZUsXj7oWX2qQ==
  dependencies:
    mime-db "^1.44.0"

es-vary@^0.0.8:
  version "0.0.8"
  resolved "https://registry.yarnpkg.com/es-vary/-/es-vary-0.0.8.tgz#4dc62235dda14e51e16b6690e564a9e5d40e3df0"
  integrity sha512-fiERjQiCHrXUAToNRT/sh7MtXnfei9n7cF9oVQRUEp9L5BGXsTKSPaXq8L+4v0c/ezfvuTWd/f0JSl5IBRUvSg==

escape-html@^1.0.3:
  version "1.0.3"
  resolved "https://registry.yarnpkg.com/escape-html/-/escape-html-1.0.3.tgz#0258eae4d3d0c0974de1c169188ef0051d1d1988"
  integrity sha1-Aljq5NPQwJdN4cFpGI7wBR0dGYg=

http-errors@1.7.2:
  version "1.7.2"
  resolved "https://registry.yarnpkg.com/http-errors/-/http-errors-1.7.2.tgz#4f5029cf13239f31036e5b2e55292bcfbcc85c8f"
  integrity sha512-uUQBt3H/cSIVfch6i1EuPNy/YsRSOUBXTVfZ+yR7Zjez3qjBz6i9+i4zjNaoqcoFVI4lQJ5plg63TvGfRSDCRg==
  dependencies:
    depd "~1.1.2"
    inherits "2.0.3"
    setprototypeof "1.1.1"
    statuses ">= 1.5.0 < 2"
    toidentifier "1.0.0"

http-status-emojis@^2.2.0:
  version "2.2.0"
  resolved "https://registry.yarnpkg.com/http-status-emojis/-/http-status-emojis-2.2.0.tgz#2cf3316f0c1610c4fc94c6fccdada35aa70f992a"
  integrity sha512-ompKtgwpx8ff0hsbpIB7oE4ax1LXoHmftsHHStMELX56ivG3GhofTX8ZHWlUaFKfGjcGjw6G3rPk7dJRXMmbbg==

iconv-lite@0.4.24:
  version "0.4.24"
  resolved "https://registry.yarnpkg.com/iconv-lite/-/iconv-lite-0.4.24.tgz#2022b4b25fbddc21d2f524974a474aafe733908b"
  integrity sha512-v3MXnZAcvnywkTUEZomIActle7RXXeedOR31wwl7VlyoXO4Qi9arvSenNQWne1TcRwhCL1HwLI21bEqdpj8/rA==
  dependencies:
    safer-buffer ">= 2.1.2 < 3"

inherits@2.0.3:
  version "2.0.3"
  resolved "https://registry.yarnpkg.com/inherits/-/inherits-2.0.3.tgz#633c2c83e3da42a502f52466022480f4208261de"
  integrity sha1-Yzwsg+PaQqUC9SRmAiSA9CCCYd4=

ipaddr.js@^2.0.0:
  version "2.0.0"
  resolved "https://registry.yarnpkg.com/ipaddr.js/-/ipaddr.js-2.0.0.tgz#77ccccc8063ae71ab65c55f21b090698e763fc6e"
  integrity sha512-S54H9mIj0rbxRIyrDMEuuER86LdlgUg9FSeZ8duQb6CUG2iRrA36MYVQBSprTF/ZeAwvyQ5mDGuNvIPM0BIl3w==

media-typer@0.3.0:
  version "0.3.0"
  resolved "https://registry.yarnpkg.com/media-typer/-/media-typer-0.3.0.tgz#8710d7af0aa626f8fffa1ce00168545263255748"
  integrity sha1-hxDXrwqmJvj/+hzgAWhUUmMlV0g=

mime-db@1.46.0, mime-db@^1.44.0:
  version "1.46.0"
  resolved "https://registry.yarnpkg.com/mime-db/-/mime-db-1.46.0.tgz#6267748a7f799594de3cbc8cde91def349661cee"
  integrity sha512-svXaP8UQRZ5K7or+ZmfNhg2xX3yKDMUzqadsSqi4NCH/KomcH75MAMYAGVlvXn4+b/xOPhS3I2uHKRUzvjY7BQ==

mime-types@~2.1.24:
  version "2.1.29"
  resolved "https://registry.yarnpkg.com/mime-types/-/mime-types-2.1.29.tgz#1d4ab77da64b91f5f72489df29236563754bb1b2"
  integrity sha512-Y/jMt/S5sR9OaqteJtslsFZKWOIIqMACsJSiHghlCAyhf7jfVYjKBmLiX8OgpWeW+fjJ2b+Az69aPFPkUOY6xQ==
  dependencies:
    mime-db "1.46.0"

mime@^2.3.1:
  version "2.5.2"
  resolved "https://registry.yarnpkg.com/mime/-/mime-2.5.2.tgz#6e3dc6cc2b9510643830e5f19d5cb753da5eeabe"
  integrity sha512-tqkh47FzKeCPD2PUiPB6pkbMzsCasjxAfC62/Wap5qrUWcb+sFasXUC5I3gYM5iBM8v/Qpn4UK0x+j0iHyFPDg==

ms@2.0.0:
  version "2.0.0"
  resolved "https://registry.yarnpkg.com/ms/-/ms-2.0.0.tgz#5608aeadfc00be6c2901df5f9861788de0d597c8"
  integrity sha1-VgiurfwAvmwpAd9fmGF4jeDVl8g=

negotiator@^0.6.2:
  version "0.6.2"
  resolved "https://registry.yarnpkg.com/negotiator/-/negotiator-0.6.2.tgz#feacf7ccf525a77ae9634436a64883ffeca346fb"
  integrity sha512-hZXc7K2e+PgeI1eDBe/10Ard4ekbfrrqG8Ep+8Jmf4JID2bNg7NvCPOZN+kfF574pFQI7mum2AUqDidoKqcTOw==

on-finished@~2.3.0:
  version "2.3.0"
  resolved "https://registry.yarnpkg.com/on-finished/-/on-finished-2.3.0.tgz#20f1336481b083cd75337992a16971aa2d906947"
  integrity sha1-IPEzZIGwg811M3mSoWlxqi2QaUc=
  dependencies:
    ee-first "1.1.1"

qs@6.7.0:
  version "6.7.0"
  resolved "https://registry.yarnpkg.com/qs/-/qs-6.7.0.tgz#41dc1a015e3d581f1621776be31afb2876a9b1bc"
  integrity sha512-VCdBRNFTX1fyE7Nb6FYoURo/SPe62QCaAyzJvUjwRaIsc+NePBEniHlvxFmmX56+HZphIGtV0XeCirBtpDrTyQ==

range-parser@^1.2.1:
  version "1.2.1"
  resolved "https://registry.yarnpkg.com/range-parser/-/range-parser-1.2.1.tgz#3cf37023d199e1c24d1a55b84800c2f3e6468031"
  integrity sha512-Hrgsx+orqoygnmhFbKaHE6c296J+HTAQXoxEF6gNupROmmGJRoyzfG3ccAveqCBrwr/2yxQ5BVd/GTl5agOwSg==

raw-body@2.4.0:
  version "2.4.0"
  resolved "https://registry.yarnpkg.com/raw-body/-/raw-body-2.4.0.tgz#a1ce6fb9c9bc356ca52e89256ab59059e13d0332"
  integrity sha512-4Oz8DUIwdvoa5qMJelxipzi/iJIi40O5cGV1wNYp5hvZP8ZN0T+jiNkL0QepXs+EsQ9XJ8ipEDoiH70ySUJP3Q==
  dependencies:
    bytes "3.1.0"
    http-errors "1.7.2"
    iconv-lite "0.4.24"
    unpipe "1.0.0"

regexparam@^1.3.0:
  version "1.3.0"
  resolved "https://registry.yarnpkg.com/regexparam/-/regexparam-1.3.0.tgz#2fe42c93e32a40eff6235d635e0ffa344b92965f"
  integrity sha512-6IQpFBv6e5vz1QAqI+V4k8P2e/3gRrqfCJ9FI+O1FLQTO+Uz6RXZEZOPmTJ6hlGj7gkERzY5BRCv09whKP96/g==

"safer-buffer@>= 2.1.2 < 3":
  version "2.1.2"
  resolved "https://registry.yarnpkg.com/safer-buffer/-/safer-buffer-2.1.2.tgz#44fa161b0187b9549dd84bb91802f9bd8385cd6a"
  integrity sha512-YZo3K82SD7Riyi0E1EQPojLz7kpepnSQI9IyPbHHg1XXXevb5dJI7tpyN2ADxGcQbHG7vcyRHk0cbwqcQriUtg==

setprototypeof@1.1.1:
  version "1.1.1"
  resolved "https://registry.yarnpkg.com/setprototypeof/-/setprototypeof-1.1.1.tgz#7e95acb24aa92f5885e0abef5ba131330d4ae683"
  integrity sha512-JvdAWfbXeIGaZ9cILp38HntZSFSo3mWg6xGcJJsd+d4aRMOqauag1C63dJfDw7OaMYwEbHMOxEZ1lqVRYP2OAw==

sirv@^1.0.11:
  version "1.0.11"
  resolved "https://registry.yarnpkg.com/sirv/-/sirv-1.0.11.tgz#81c19a29202048507d6ec0d8ba8910fda52eb5a4"
  integrity sha512-SR36i3/LSWja7AJNRBz4fF/Xjpn7lQFI30tZ434dIy+bitLYSP+ZEenHg36i23V2SGEz+kqjksg0uOGZ5LPiqg==
  dependencies:
    "@polka/url" "^1.0.0-next.9"
    mime "^2.3.1"
    totalist "^1.0.0"

"statuses@>= 1.5.0 < 2":
  version "1.5.0"
  resolved "https://registry.yarnpkg.com/statuses/-/statuses-1.5.0.tgz#161c7dac177659fd9811f43771fa99381478628c"
  integrity sha1-Fhx9rBd2Wf2YEfQ3cfqZOBR4Yow=

toidentifier@1.0.0:
  version "1.0.0"
  resolved "https://registry.yarnpkg.com/toidentifier/-/toidentifier-1.0.0.tgz#7e1be3470f1e77948bc43d94a3c8f4d7752ba553"
  integrity sha512-yaOH/Pk/VEhBWWTlhI+qXxDFXlejDGcQipMlyxda9nthulaxLZUNcUqFxokp0vcYnvteJln5FNQDRrxj3YcbVw==

totalist@^1.0.0:
  version "1.1.0"
  resolved "https://registry.yarnpkg.com/totalist/-/totalist-1.1.0.tgz#a4d65a3e546517701e3e5c37a47a70ac97fe56df"
  integrity sha512-gduQwd1rOdDMGxFG1gEvhV88Oirdo2p+KjoYFU7k2g+i7n6AFFbDQ5kMPUsW0pNbfQsB/cwXvT1i4Bue0s9g5g==

type-is@~1.6.17:
  version "1.6.18"
  resolved "https://registry.yarnpkg.com/type-is/-/type-is-1.6.18.tgz#4e552cd05df09467dcbc4ef739de89f2cf37c131"
  integrity sha512-TkRKr9sUTxEH8MdfuCSP7VizJyzRNMjj2J2do2Jr3Kym598JVdEksuzPQCnlFPW4ky9Q+iA+ma9BGm06XQBy8g==
  dependencies:
    media-typer "0.3.0"
    mime-types "~2.1.24"

unpipe@1.0.0:
  version "1.0.0"
  resolved "https://registry.yarnpkg.com/unpipe/-/unpipe-1.0.0.tgz#b2bf4ee8514aae6165b4817829d21b2ef49904ec"
  integrity sha1-sr9O6FFKrmFltIF4KdIbLvSZBOw=
